Microsoft Visual Studio Solution File, Format Version 12.00
# Visual Studio Version 17
VisualStudioVersion = 17.8.34309.116
MinimumVisualStudioVersion = 10.0.40219.1
Project("{2150E333-8FDC-42A3-9474-1A3956D46DE8}") = "src", "src", "{FBA5CF6C-0707-4F07-A4ED-76905EF86519}"
EndProject
Project("{2150E333-8FDC-42A3-9474-1A3956D46DE8}") = "BuildingBlocks", "BuildingBlocks", "{40C0B29B-2A83-48FE-A07C-8F586E35F5E6}"
EndProject
Project("{2150E333-8FDC-42A3-9474-1A3956D46DE8}") = "Services", "Services", "{726E03D7-01CC-4001-B334-4F1789F9B3F4}"
EndProject
Project("{FAE04EC0-301F-11D3-BF4B-00C04F79EFBC}") = "TradingApp.Contracts", "src\BuildingBlocks\TradingApp.Contracts\TradingApp.Contracts.csproj", "{F6B1C65E-1C9C-4C0C-8F2E-4DAD4F5AAE71}"
EndProject
Project("{FAE04EC0-301F-11D3-BF4B-00C04F79EFBC}") = "TradingApp.Kafka", "src\BuildingBlocks\TradingApp.Kafka\TradingApp.Kafka.csproj", "{A3F07C91-2DED-4A9A-AF6D-0C07DFD6B7E0}"
EndProject
Project("{FAE04EC0-301F-11D3-BF4B-00C04F79EFBC}") = "TradingApp.Elastic", "src\BuildingBlocks\TradingApp.Elastic\TradingApp.Elastic.csproj", "{3D0E4B18-1168-43A2-A7CA-633D8C81D7A9}"
EndProject
Project("{FAE04EC0-301F-11D3-BF4B-00C04F79EFBC}") = "MarketData.Ingestor", "src\Services\MarketData.Ingestor\MarketData.Ingestor.csproj", "{6F77C9F2-1F51-4A75-A9A4-0E7A0200C8B2}"
EndProject
Project("{FAE04EC0-301F-11D3-BF4B-00C04F79EFBC}") = "MarketAnalytics.Service", "src\Services\MarketAnalytics.Service\MarketAnalytics.Service.csproj", "{09D0BAD7-0A05-4F4B-8F62-B6FBA8AD5C74}"
EndProject
Project("{FAE04EC0-301F-11D3-BF4B-00C04F79EFBC}") = "Dashboard.Web", "src\Services\Dashboard.Web\Dashboard.Web.csproj", "{3617A3DE-93A4-4F1F-9F52-0C2E0C012345}"
EndProject
Project("{FAE04EC0-301F-11D3-BF4B-00C04F79EFBC}") = "AnalyticsIndexer.Worker", "src\Services\AnalyticsIndexer.Worker\AnalyticsIndexer.Worker.csproj", "{D6282814-2BF7-4FB4-897D-9ACBCC378413}"
EndProject
Global
	GlobalSection(SolutionConfigurationPlatforms) = preSolution
		Debug|Any CPU = Debug|Any CPU
		Release|Any CPU = Release|Any CPU
	EndGlobalSection
	GlobalSection(ProjectConfigurationPlatforms) = postSolution
		{F6B1C65E-1C9C-4C0C-8F2E-4DAD4F5AAE71}.Debug|Any CPU.ActiveCfg = Debug|Any CPU
		{F6B1C65E-1C9C-4C0C-8F2E-4DAD4F5AAE71}.Debug|Any CPU.Build.0 = Debug|Any CPU
		{F6B1C65E-1C9C-4C0C-8F2E-4DAD4F5AAE71}.Release|Any CPU.ActiveCfg = Release|Any CPU
		{F6B1C65E-1C9C-4C0C-8F2E-4DAD4F5AAE71}.Release|Any CPU.Build.0 = Release|Any CPU
		{A3F07C91-2DED-4A9A-AF6D-0C07DFD6B7E0}.Debug|Any CPU.ActiveCfg = Debug|Any CPU
		{A3F07C91-2DED-4A9A-AF6D-0C07DFD6B7E0}.Debug|Any CPU.Build.0 = Debug|Any CPU
		{A3F07C91-2DED-4A9A-AF6D-0C07DFD6B7E0}.Release|Any CPU.ActiveCfg = Release|Any CPU
		{A3F07C91-2DED-4A9A-AF6D-0C07DFD6B7E0}.Release|Any CPU.Build.0 = Release|Any CPU
		{3D0E4B18-1168-43A2-A7CA-633D8C81D7A9}.Debug|Any CPU.ActiveCfg = Debug|Any CPU
		{3D0E4B18-1168-43A2-A7CA-633D8C81D7A9}.Debug|Any CPU.Build.0 = Debug|Any CPU
		{3D0E4B18-1168-43A2-A7CA-633D8C81D7A9}.Release|Any CPU.ActiveCfg = Release|Any CPU
		{3D0E4B18-1168-43A2-A7CA-633D8C81D7A9}.Release|Any CPU.Build.0 = Release|Any CPU
		{6F77C9F2-1F51-4A75-A9A4-0E7A0200C8B2}.Debug|Any CPU.ActiveCfg = Debug|Any CPU
		{6F77C9F2-1F51-4A75-A9A4-0E7A0200C8B2}.Debug|Any CPU.Build.0 = Debug|Any CPU
		{6F77C9F2-1F51-4A75-A9A4-0E7A0200C8B2}.Release|Any CPU.ActiveCfg = Release|Any CPU
		{6F77C9F2-1F51-4A75-A9A4-0E7A0200C8B2}.Release|Any CPU.Build.0 = Release|Any CPU
		{09D0BAD7-0A05-4F4B-8F62-B6FBA8AD5C74}.Debug|Any CPU.ActiveCfg = Debug|Any CPU
		{09D0BAD7-0A05-4F4B-8F62-B6FBA8AD5C74}.Debug|Any CPU.Build.0 = Debug|Any CPU
		{09D0BAD7-0A05-4F4B-8F62-B6FBA8AD5C74}.Release|Any CPU.ActiveCfg = Release|Any CPU
		{09D0BAD7-0A05-4F4B-8F62-B6FBA8AD5C74}.Release|Any CPU.Build.0 = Release|Any CPU
		{3617A3DE-93A4-4F1F-9F52-0C2E0C012345}.Debug|Any CPU.ActiveCfg = Debug|Any CPU
		{3617A3DE-93A4-4F1F-9F52-0C2E0C012345}.Debug|Any CPU.Build.0 = Debug|Any CPU
		{3617A3DE-93A4-4F1F-9F52-0C2E0C012345}.Release|Any CPU.ActiveCfg = Release|Any CPU
		{3617A3DE-93A4-4F1F-9F52-0C2E0C012345}.Release|Any CPU.Build.0 = Release|Any CPU
		{D6282814-2BF7-4FB4-897D-9ACBCC378413}.Debug|Any CPU.ActiveCfg = Debug|Any CPU
		{D6282814-2BF7-4FB4-897D-9ACBCC378413}.Debug|Any CPU.Build.0 = Debug|Any CPU
		{D6282814-2BF7-4FB4-897D-9ACBCC378413}.Release|Any CPU.ActiveCfg = Release|Any CPU
		{D6282814-2BF7-4FB4-897D-9ACBCC378413}.Release|Any CPU.Build.0 = Release|Any CPU
	EndGlobalSection
	GlobalSection(SolutionProperties) = preSolution
		HideSolutionNode = FALSE
	EndGlobalSection
	GlobalSection(NestedProjects) = preSolution
		{40C0B29B-2A83-48FE-A07C-8F586E35F5E6} = {FBA5CF6C-0707-4F07-A4ED-76905EF86519}
		{726E03D7-01CC-4001-B334-4F1789F9B3F4} = {FBA5CF6C-0707-4F07-A4ED-76905EF86519}
		{F6B1C65E-1C9C-4C0C-8F2E-4DAD4F5AAE71} = {40C0B29B-2A83-48FE-A07C-8F586E35F5E6}
		{A3F07C91-2DED-4A9A-AF6D-0C07DFD6B7E0} = {40C0B29B-2A83-48FE-A07C-8F586E35F5E6}
		{3D0E4B18-1168-43A2-A7CA-633D8C81D7A9} = {40C0B29B-2A83-48FE-A07C-8F586E35F5E6}
		{6F77C9F2-1F51-4A75-A9A4-0E7A0200C8B2} = {726E03D7-01CC-4001-B334-4F1789F9B3F4}
		{09D0BAD7-0A05-4F4B-8F62-B6FBA8AD5C74} = {726E03D7-01CC-4001-B334-4F1789F9B3F4}
		{3617A3DE-93A4-4F1F-9F52-0C2E0C012345} = {726E03D7-01CC-4001-B334-4F1789F9B3F4}
		{D6282814-2BF7-4FB4-897D-9ACBCC378413} = {726E03D7-01CC-4001-B334-4F1789F9B3F4}
	EndGlobalSection
EndGlobal
